// !$*UTF8*$!
{
	archiveVersion = 1;
	classes = {
	};
	objectVersion = 77;
	objects = {

/* Begin PBXContainerItemProxy section */
		B5C55E622CD1E4B600AEBBB2 /* PBXContainerItemProxy */ = {
			isa = PBXContainerItemProxy;
			containerPortal = B5C55E492CD1E4B400AEBBB2 /* Project object */;
			proxyType = 1;
			remoteGlobalIDString = B5C55E502CD1E4B400AEBBB2;
			remoteInfo = FitoFit;
		};
		B5C55E6C2CD1E4B600AEBBB2 /* PBXContainerItemProxy */ = {
			isa = PBXContainerItemProxy;
			containerPortal = B5C55E492CD1E4B400AEBBB2 /* Project object */;
			proxyType = 1;
			remoteGlobalIDString = B5C55E502CD1E4B400AEBBB2;
			remoteInfo = FitoFit;
		};
/* End PBXContainerItemProxy section */

/* Begin PBXFileReference section */
		B5C55E512CD1E4B400AEBBB2 /* FitoFit.app */ = {isa = PBXFileReference; explicitFileType = wrapper.application; includeInIndex = 0; path = FitoFit.app; sourceTree = BUILT_PRODUCTS_DIR; };
		B5C55E612CD1E4B600AEBBB2 /* FitoFitTests.xctest */ = {isa = PBXFileReference; explicitFileType = wrapper.cfbundle; includeInIndex = 0; path = FitoFitTests.xctest; sourceTree = BUILT_PRODUCTS_DIR; };
		B5C55E6B2CD1E4B600AEBBB2 /* FitoFitUITests.xctest */ = {isa = PBXFileReference; explicitFileType = wrapper.cfbundle; includeInIndex = 0; path = FitoFitUITests.xctest; sourceTree = BUILT_PRODUCTS_DIR; };
/* End PBXFileReference section */

/* Begin PBXFileSystemSynchronizedRootGroup section */
		B5C55E532CD1E4B400AEBBB2 /* FitoFit */ = {
			isa = PBXFileSystemSynchronizedRootGroup;
			path = FitoFit;
			sourceTree = "<group>";
		};
		B5C55E642CD1E4B600AEBBB2 /* FitoFitTests */ = {
			isa = PBXFileSystemSynchronizedRootGroup;
			path = FitoFitTests;
			sourceTree = "<group>";
		};
		B5C55E6E2CD1E4B600AEBBB2 /* FitoFitUITests */ = {
			isa = PBXFileSystemSynchronizedRootGroup;
			path = FitoFitUITests;
			sourceTree = "<group>";
		};
/* End PBXFileSystemSynchronizedRootGroup section */

/* Begin PBXFrameworksBuildPhase section */
		B5C55E4E2CD1E4B400AEBBB2 /* Frameworks */ = {
			isa = PBXFrameworksBuildPhase;
			buildActionMask = 2147483647;
			files = (
			);
			runOnlyForDeploymentPostprocessing = 0;
		};
		B5C55E5E2CD1E4B600AEBBB2 /* Frameworks */ = {
			isa = PBXFrameworksBuildPhase;
			buildActionMask = 2147483647;
			files = (
			);
			runOnlyForDeploymentPostprocessing = 0;
		};
		B5C55E682CD1E4B600AEBBB2 /* Frameworks */ = {
			isa = PBXFrameworksBuildPhase;
			buildActionMask = 2147483647;
			files = (
			);
			runOnlyForDeploymentPostprocessing = 0;
		};
/* End PBXFrameworksBuildPhase section */

/* Begin PBXGroup section */
		B5C55E482CD1E4B400AEBBB2 = {
			isa = PBXGroup;
			children = (
				B5C55E532CD1E4B400AEBBB2 /* FitoFit */,
				B5C55E642CD1E4B600AEBBB2 /* FitoFitTests */,
				B5C55E6E2CD1E4B600AEBBB2 /* FitoFitUITests */,
				B5C55E522CD1E4B400AEBBB2 /* Products */,
			);
			sourceTree = "<group>";
		};
		B5C55E522CD1E4B400AEBBB2 /* Products */ = {
			isa = PBXGroup;
			children = (
				B5C55E512CD1E4B400AEBBB2 /* FitoFit.app */,
				B5C55E612CD1E4B600AEBBB2 /* FitoFitTests.xctest */,
				B5C55E6B2CD1E4B600AEBBB2 /* FitoFitUITests.xctest */,
			);
			name = Products;
			sourceTree = "<group>";
		};
/* End PBXGroup section */

/* Begin PBXNativeTarget section */
		B5C55E502CD1E4B400AEBBB2 /* FitoFit */ = {
			isa = PBXNativeTarget;
			buildConfigurationList = B5C55E752CD1E4B600AEBBB2 /* Build configuration list for PBXNativeTarget "FitoFit" */;
			buildPhases = (
				B5C55E4D2CD1E4B400AEBBB2 /* Sources */,
				B5C55E4E2CD1E4B400AEBBB2 /* Frameworks */,
				B5C55E4F2CD1E4B400AEBBB2 /* Resources */,
			);
			buildRules = (
			);
			dependencies = (
			);
			fileSystemSynchronizedGroups = (
				B5C55E532CD1E4B400AEBBB2 /* FitoFit */,
			);
			name = FitoFit;
			packageProductDependencies = (
			);
			productName = FitoFit;
			productReference = B5C55E512CD1E4B400AEBBB2 /* FitoFit.app */;
			productType = "com.apple.product-type.application";
		};
		B5C55E602CD1E4B600AEBBB2 /* FitoFitTests */ = {
			isa = PBXNativeTarget;
			buildConfigurationList = B5C55E782CD1E4B600AEBBB2 /* Build configuration list for PBXNativeTarget "FitoFitTests" */;
			buildPhases = (
				B5C55E5D2CD1E4B600AEBBB2 /* Sources */,
				B5C55E5E2CD1E4B600AEBBB2 /* Frameworks */,
				B5C55E5F2CD1E4B600AEBBB2 /* Resources */,
			);
			buildRules = (
			);
			dependencies = (
				B5C55E632CD1E4B600AEBBB2 /* PBXTargetDependency */,
			);
			fileSystemSynchronizedGroups = (
				B5C55E642CD1E4B600AEBBB2 /* FitoFitTests */,
			);
			name = FitoFitTests;
			packageProductDependencies = (
			);
			productName = FitoFitTests;
			productReference = B5C55E612CD1E4B600AEBBB2 /* FitoFitTests.xctest */;
			productType = "com.apple.product-type.bundle.unit-test";
		};
		B5C55E6A2CD1E4B600AEBBB2 /* FitoFitUITests */ = {
			isa = PBXNativeTarget;
			buildConfigurationList = B5C55E7B2CD1E4B600AEBBB2 /* Build configuration list for PBXNativeTarget "FitoFitUITests" */;
			buildPhases = (
				B5C55E672CD1E4B600AEBBB2 /* Sources */,
				B5C55E682CD1E4B600AEBBB2 /* Frameworks */,
				B5C55E692CD1E4B600AEBBB2 /* Resources */,
			);
			buildRules = (
			);
			dependencies = (
				B5C55E6D2CD1E4B600AEBBB2 /* PBXTargetDependency */,
			);
			fileSystemSynchronizedGroups = (
				B5C55E6E2CD1E4B600AEBBB2 /* FitoFitUITests */,
			);
			name = FitoFitUITests;
			packageProductDependencies = (
			);
			productName = FitoFitUITests;
			productReference = B5C55E6B2CD1E4B600AEBBB2 /* FitoFitUITests.xctest */;
			productType = "com.apple.product-type.bundle.ui-testing";
		};
/* End PBXNativeTarget section */

/* Begin PBXProject section */
		B5C55E492CD1E4B400AEBBB2 /* Project object */ = {
			isa = PBXProject;
			attributes = {
				BuildIndependentTargetsInParallel = 1;
				LastSwiftUpdateCheck = 1600;
				LastUpgradeCheck = 1600;
				TargetAttributes = {
					B5C55E502CD1E4B400AEBBB2 = {
						CreatedOnToolsVersion = 16.0;
					};
					B5C55E602CD1E4B600AEBBB2 = {
						CreatedOnToolsVersion = 16.0;
						TestTargetID = B5C55E502CD1E4B400AEBBB2;
					};
					B5C55E6A2CD1E4B600AEBBB2 = {
						CreatedOnToolsVersion = 16.0;
						TestTargetID = B5C55E502CD1E4B400AEBBB2;
					};
				};
			};
			buildConfigurationList = B5C55E4C2CD1E4B400AEBBB2 /* Build configuration list for PBXProject "FitoFit" */;
			developmentRegion = en;
			hasScannedForEncodings = 0;
			knownRegions = (
				en,
				Base,
			);
			mainGroup = B5C55E482CD1E4B400AEBBB2;
			minimizedProjectReferenceProxies = 1;
			preferredProjectObjectVersion = 77;
			productRefGroup = B5C55E522CD1E4B400AEBBB2 /* Products */;
			projectDirPath = "";
			projectRoot = "";
			targets = (
				B5C55E502CD1E4B400AEBBB2 /* FitoFit */,
				B5C55E602CD1E4B600AEBBB2 /* FitoFitTests */,
				B5C55E6A2CD1E4B600AEBBB2 /* FitoFitUITests */,
			);
		};
/* End PBXProject section */

/* Begin PBXResourcesBuildPhase section */
		B5C55E4F2CD1E4B400AEBBB2 /* Resources */ = {
			isa = PBXResourcesBuildPhase;
			buildActionMask = 2147483647;
			files = (
			);
			runOnlyForDeploymentPostprocessing = 0;
		};
		B5C55E5F2CD1E4B600AEBBB2 /* Resources */ = {
			isa = PBXResourcesBuildPhase;
			buildActionMask = 2147483647;
			files = (
			);
			runOnlyForDeploymentPostprocessing = 0;
		};
		B5C55E692CD1E4B600AEBBB2 /* Resources */ = {
			isa = PBXResourcesBuildPhase;
			buildActionMask = 2147483647;
			files = (
			);
			runOnlyForDeploymentPostprocessing = 0;
		};
/* End PBXResourcesBuildPhase section */

/* Begin PBXSourcesBuildPhase section */
		B5C55E4D2CD1E4B400AEBBB2 /* Sources */ = {
			isa = PBXSourcesBuildPhase;
			buildActionMask = 2147483647;
			files = (
			);
			runOnlyForDeploymentPostprocessing = 0;
		};
		B5C55E5D2CD1E4B600AEBBB2 /* Sources */ = {
			isa = PBXSourcesBuildPhase;
			buildActionMask = 2147483647;
			files = (
			);
			runOnlyForDeploymentPostprocessing = 0;
		};
		B5C55E672CD1E4B600AEBBB2 /* Sources */ = {
			isa = PBXSourcesBuildPhase;
			buildActionMask = 2147483647;
			files = (
			);
			runOnlyForDeploymentPostprocessing = 0;
		};
/* End PBXSourcesBuildPhase section */

/* Begin PBXTargetDependency section */
		B5C55E632CD1E4B600AEBBB2 /* PBXTargetDependency */ = {
			isa = PBXTargetDependency;
			target = B5C55E502CD1E4B400AEBBB2 /* FitoFit */;
			targetProxy = B5C55E622CD1E4B600AEBBB2 /* PBXContainerItemProxy */;
		};
		B5C55E6D2CD1E4B600AEBBB2 /* PBXTargetDependency */ = {
			isa = PBXTargetDependency;
			target = B5C55E502CD1E4B400AEBBB2 /* FitoFit */;
			targetProxy = B5C55E6C2CD1E4B600AEBBB2 /* PBXContainerItemProxy */;
		};
/* End PBXTargetDependency section */

/* Begin XCBuildConfiguration section */
		B5C55E732CD1E4B600AEBBB2 /* Debug */ = {
			isa = XCBuildConfiguration;
			buildSettings = {
				ALWAYS_SEARCH_USER_PATHS = NO;
				ASSETCATALOG_COMPILER_GENERATE_SWIFT_ASSET_SYMBOL_EXTENSIONS = YES;
				CLANG_ANALYZER_NONNULL = YES;
				CLANG_ANALYZER_NUMBER_OBJECT_CONVERSION = YES_AGGRESSIVE;
				CLANG_CXX_LANGUAGE_STANDARD = "gnu++20";
				CLANG_ENABLE_MODULES = YES;
				CLANG_ENABLE_OBJC_ARC = YES;
				CLANG_ENABLE_OBJC_WEAK = YES;
				CLANG_WARN_BLOCK_CAPTURE_AUTORELEASING = YES;
				CLANG_WARN_BOOL_CONVERSION = YES;
				CLANG_WARN_COMMA = YES;
				CLANG_WARN_CONSTANT_CONVERSION = YES;
				CLANG_WARN_DEPRECATED_OBJC_IMPLEMENTATIONS = YES;
				CLANG_WARN_DIRECT_OBJC_ISA_USAGE = YES_ERROR;
				CLANG_WARN_DOCUMENTATION_COMMENTS = YES;
				CLANG_WARN_EMPTY_BODY = YES;
				CLANG_WARN_ENUM_CONVERSION = YES;
				CLANG_WARN_INFINITE_RECURSION = YES;
				CLANG_WARN_INT_CONVERSION = YES;
				CLANG_WARN_NON_LITERAL_NULL_CONVERSION = YES;
				CLANG_WARN_OBJC_IMPLICIT_RETAIN_SELF = YES;
				CLANG_WARN_OBJC_LITERAL_CONVERSION = YES;
				CLANG_WARN_OBJC_ROOT_CLASS = YES_ERROR;
				CLANG_WARN_QUOTED_INCLUDE_IN_FRAMEWORK_HEADER = YES;
				CLANG_WARN_RANGE_LOOP_ANALYSIS = YES;
				CLANG_WARN_STRICT_PROTOTYPES = YES;
				CLANG_WARN_SUSPICIOUS_MOVE = YES;
				CLANG_WARN_UNGUARDED_AVAILABILITY = YES_AGGRESSIVE;
				CLANG_WARN_UNREACHABLE_CODE = YES;
				CLANG_WARN__DUPLICATE_METHOD_MATCH = YES;
				COPY_PHASE_STRIP = NO;
				DEBUG_INFORMATION_FORMAT = dwarf;
				ENABLE_STRICT_OBJC_MSGSEND = YES;
				ENABLE_TESTABILITY = YES;
				ENABLE_USER_SCRIPT_SANDBOXING = YES;
				GCC_C_LANGUAGE_STANDARD = gnu17;
				GCC_DYNAMIC_NO_PIC = NO;
				GCC_NO_COMMON_BLOCKS = YES;
				GCC_OPTIMIZATION_LEVEL = 0;
				GCC_PREPROCESSOR_DEFINITIONS = (
					"DEBUG=1",
					"$(inherited)",
				);
				GCC_WARN_64_TO_32_BIT_CONVERSION = YES;
				GCC_WARN_ABOUT_RETURN_TYPE = YES_ERROR;
				GCC_WARN_UNDECLARED_SELECTOR = YES;
				GCC_WARN_UNINITIALIZED_AUTOS = YES_AGGRESSIVE;
				GCC_WARN_UNUSED_FUNCTION = YES;
				GCC_WARN_UNUSED_VARIABLE = YES;
				IPHONEOS_DEPLOYMENT_TARGET = 18.0;
				LOCALIZATION_PREFERS_STRING_CATALOGS = YES;
				MTL_ENABLE_DEBUG_INFO = INCLUDE_SOURCE;
				MTL_FAST_MATH = YES;
				ONLY_ACTIVE_ARCH = YES;
				SDKROOT = iphoneos;
				SWIFT_ACTIVE_COMPILATION_CONDITIONS = "DEBUG $(inherited)";
				SWIFT_OPTIMIZATION_LEVEL = "-Onone";
			};
			name = Debug;
		};
		B5C55E742CD1E4B600AEBBB2 /* Release */ = {
			isa = XCBuildConfiguration;
			buildSettings = {
				ALWAYS_SEARCH_USER_PATHS = NO;
				ASSETCATALOG_COMPILER_GENERATE_SWIFT_ASSET_SYMBOL_EXTENSIONS = YES;
				CLANG_ANALYZER_NONNULL = YES;
				CLANG_ANALYZER_NUMBER_OBJECT_CONVERSION = YES_AGGRESSIVE;
				CLANG_CXX_LANGUAGE_STANDARD = "gnu++20";
				CLANG_ENABLE_MODULES = YES;
				CLANG_ENABLE_OBJC_ARC = YES;
				CLANG_ENABLE_OBJC_WEAK = YES;
				CLANG_WARN_BLOCK_CAPTURE_AUTORELEASING = YES;
				CLANG_WARN_BOOL_CONVERSION = YES;
				CLANG_WARN_COMMA = YES;
				CLANG_WARN_CONSTANT_CONVERSION = YES;
				CLANG_WARN_DEPRECATED_OBJC_IMPLEMENTATIONS = YES;
				CLANG_WARN_DIRECT_OBJC_ISA_USAGE = YES_ERROR;
				CLANG_WARN_DOCUMENTATION_COMMENTS = YES;
				CLANG_WARN_EMPTY_BODY = YES;
				CLANG_WARN_ENUM_CONVERSION = YES;
				CLANG_WARN_INFINITE_RECURSION = YES;
				CLANG_WARN_INT_CONVERSION = YES;
				CLANG_WARN_NON_LITERAL_NULL_CONVERSION = YES;
				CLANG_WARN_OBJC_IMPLICIT_RETAIN_SELF = YES;
				CLANG_WARN_OBJC_LITERAL_CONVERSION = YES;
				CLANG_WARN_OBJC_ROOT_CLASS = YES_ERROR;
				CLANG_WARN_QUOTED_INCLUDE_IN_FRAMEWORK_HEADER = YES;
				CLANG_WARN_RANGE_LOOP_ANALYSIS = YES;
				CLANG_WARN_STRICT_PROTOTYPES = YES;
				CLANG_WARN_SUSPICIOUS_MOVE = YES;
				CLANG_WARN_UNGUARDED_AVAILABILITY = YES_AGGRESSIVE;
				CLANG_WARN_UNREACHABLE_CODE = YES;
				CLANG_WARN__DUPLICATE_METHOD_MATCH = YES;
				COPY_PHASE_STRIP = NO;
				DEBUG_INFORMATION_FORMAT = "dwarf-with-dsym";
				ENABLE_NS_ASSERTIONS = NO;
				ENABLE_STRICT_OBJC_MSGSEND = YES;
				ENABLE_USER_SCRIPT_SANDBOXING = YES;
				GCC_C_LANGUAGE_STANDARD = gnu17;
				GCC_NO_COMMON_BLOCKS = YES;
				GCC_WARN_64_TO_32_BIT_CONVERSION = YES;
				GCC_WARN_ABOUT_RETURN_TYPE = YES_ERROR;
				GCC_WARN_UNDECLARED_SELECTOR = YES;
				GCC_WARN_UNINITIALIZED_AUTOS = YES_AGGRESSIVE;
				GCC_WARN_UNUSED_FUNCTION = YES;
				GCC_WARN_UNUSED_VARIABLE = YES;
				IPHONEOS_DEPLOYMENT_TARGET = 18.0;
				LOCALIZATION_PREFERS_STRING_CATALOGS = YES;
				MTL_ENABLE_DEBUG_INFO = NO;
				MTL_FAST_MATH = YES;
				SDKROOT = iphoneos;
				SWIFT_COMPILATION_MODE = wholemodule;
				VALIDATE_PRODUCT = YES;
			};
			name = Release;
		};
		B5C55E762CD1E4B600AEBBB2 /* Debug */ = {
			isa = XCBuildConfiguration;
			buildSettings = {
				ASSETCATALOG_COMPILER_APPICON_NAME = AppIcon;
				ASSETCATALOG_COMPILER_GLOBAL_ACCENT_COLOR_NAME = AccentColor;
				CODE_SIGN_STYLE = Automatic;
				CURRENT_PROJECT_VERSION = 1;
				DEVELOPMENT_ASSET_PATHS = "\"FitoFit/Preview Content\"";
				DEVELOPMENT_TEAM = CK3LFJ6RB6;
				ENABLE_PREVIEWS = YES;
				GENERATE_INFOPLIST_FILE = YES;
				INFOPLIST_KEY_UIApplicationSceneManifest_Generation = YES;
				INFOPLIST_KEY_UIApplicationSupportsIndirectInputEvents = YES;
				INFOPLIST_KEY_UILaunchScreen_Generation = YES;
				INFOPLIST_KEY_UISupportedInterfaceOrientations_iPad = "UIInterfaceOrientationPortrait UIInterfaceOrientationPortraitUpsideDown UIInterfaceOrientationLandscapeLeft UIInterfaceOrientationLandscapeRight";
				INFOPLIST_KEY_UISupportedInterfaceOrientations_iPhone = "UIInterfaceOrientationPortrait UIInterfaceOrientationLandscapeLeft UIInterfaceOrientationLandscapeRight";
				IPHONEOS_DEPLOYMENT_TARGET = 18.0;
				LD_RUNPATH_SEARCH_PATHS = (
					"$(inherited)",
					"@executable_path/Frameworks",
				);
				MARKETING_VERSION = 1.0;
				PRODUCT_BUNDLE_IDENTIFIER = com.FrankLiu.FitoFit;
				PRODUCT_NAME = "$(TARGET_NAME)";
				SWIFT_EMIT_LOC_STRINGS = YES;
				SWIFT_VERSION = 5.0;
				TARGETED_DEVICE_FAMILY = "1,2";
			};
			name = Debug;
		};
		B5C55E772CD1E4B600AEBBB2 /* Release */ = {
			isa = XCBuildConfiguration;
			buildSettings = {
				ASSETCATALOG_COMPILER_APPICON_NAME = AppIcon;
				ASSETCATALOG_COMPILER_GLOBAL_ACCENT_COLOR_NAME = AccentColor;
				CODE_SIGN_STYLE = Automatic;
				CURRENT_PROJECT_VERSION = 1;
				DEVELOPMENT_ASSET_PATHS = "\"FitoFit/Preview Content\"";
				DEVELOPMENT_TEAM = CK3LFJ6RB6;
				ENABLE_PREVIEWS = YES;
				GENERATE_INFOPLIST_FILE = YES;
				INFOPLIST_KEY_UIApplicationSceneManifest_Generation = YES;
				INFOPLIST_KEY_UIApplicationSupportsIndirectInputEvents = YES;
				INFOPLIST_KEY_UILaunchScreen_Generation = YES;
				INFOPLIST_KEY_UISupportedInterfaceOrientations_iPad = "UIInterfaceOrientationPortrait UIInterfaceOrientationPortraitUpsideDown UIInterfaceOrientationLandscapeLeft UIInterfaceOrientationLandscapeRight";
				INFOPLIST_KEY_UISupportedInterfaceOrientations_iPhone = "UIInterfaceOrientationPortrait UIInterfaceOrientationLandscapeLeft UIInterfaceOrientationLandscapeRight";
				IPHONEOS_DEPLOYMENT_TARGET = 18.0;
				LD_RUNPATH_SEARCH_PATHS = (
					"$(inherited)",
					"@executable_path/Frameworks",
				);
				MARKETING_VERSION = 1.0;
				PRODUCT_BUNDLE_IDENTIFIER = com.FrankLiu.FitoFit;
				PRODUCT_NAME = "$(TARGET_NAME)";
				SWIFT_EMIT_LOC_STRINGS = YES;
				SWIFT_VERSION = 5.0;
				TARGETED_DEVICE_FAMILY = "1,2";
			};
			name = Release;
		};
		B5C55E792CD1E4B600AEBBB2 /* Debug */ = {
			isa = XCBuildConfiguration;
			buildSettings = {
				BUNDLE_LOADER = "$(TEST_HOST)";
				CODE_SIGN_STYLE = Automatic;
				CURRENT_PROJECT_VERSION = 1;
				DEVELOPMENT_TEAM = CK3LFJ6RB6;
				GENERATE_INFOPLIST_FILE = YES;
				IPHONEOS_DEPLOYMENT_TARGET = 18.0;
				MARKETING_VERSION = 1.0;
				PRODUCT_BUNDLE_IDENTIFIER = com.FrankLiu.FitoFitTests;
				PRODUCT_NAME = "$(TARGET_NAME)";
				SWIFT_EMIT_LOC_STRINGS = NO;
				SWIFT_VERSION = 5.0;
				TARGETED_DEVICE_FAMILY = "1,2";
				TEST_HOST = "$(BUILT_PRODUCTS_DIR)/FitoFit.app/$(BUNDLE_EXECUTABLE_FOLDER_PATH)/FitoFit";
			};
			name = Debug;
		};
		B5C55E7A2CD1E4B600AEBBB2 /* Release */ = {
			isa = XCBuildConfiguration;
			buildSettings = {
				BUNDLE_LOADER = "$(TEST_HOST)";
				CODE_SIGN_STYLE = Automatic;
				CURRENT_PROJECT_VERSION = 1;
				DEVELOPMENT_TEAM = CK3LFJ6RB6;
				GENERATE_INFOPLIST_FILE = YES;
				IPHONEOS_DEPLOYMENT_TARGET = 18.0;
				MARKETING_VERSION = 1.0;
				PRODUCT_BUNDLE_IDENTIFIER = com.FrankLiu.FitoFitTests;
				PRODUCT_NAME = "$(TARGET_NAME)";
				SWIFT_EMIT_LOC_STRINGS = NO;
				SWIFT_VERSION = 5.0;
				TARGETED_DEVICE_FAMILY = "1,2";
				TEST_HOST = "$(BUILT_PRODUCTS_DIR)/FitoFit.app/$(BUNDLE_EXECUTABLE_FOLDER_PATH)/FitoFit";
			};
			name = Release;
		};
		B5C55E7C2CD1E4B600AEBBB2 /* Debug */ = {
			isa = XCBuildConfiguration;
			buildSettings = {
				CODE_SIGN_STYLE = Automatic;
				CURRENT_PROJECT_VERSION = 1;
				DEVELOPMENT_TEAM = CK3LFJ6RB6;
				GENERATE_INFOPLIST_FILE = YES;
				MARKETING_VERSION = 1.0;
				PRODUCT_BUNDLE_IDENTIFIER = com.FrankLiu.FitoFitUITests;
				PRODUCT_NAME = "$(TARGET_NAME)";
				SWIFT_EMIT_LOC_STRINGS = NO;
				SWIFT_VERSION = 5.0;
				TARGETED_DEVICE_FAMILY = "1,2";
				TEST_TARGET_NAME = FitoFit;
			};
			name = Debug;
		};
		B5C55E7D2CD1E4B600AEBBB2 /* Release */ = {
			isa = XCBuildConfiguration;
			buildSettings = {
				CODE_SIGN_STYLE = Automatic;
				CURRENT_PROJECT_VERSION = 1;
				DEVELOPMENT_TEAM = CK3LFJ6RB6;
				GENERATE_INFOPLIST_FILE = YES;
				MARKETING_VERSION = 1.0;
				PRODUCT_BUNDLE_IDENTIFIER = com.FrankLiu.FitoFitUITests;
				PRODUCT_NAME = "$(TARGET_NAME)";
				SWIFT_EMIT_LOC_STRINGS = NO;
				SWIFT_VERSION = 5.0;
				TARGETED_DEVICE_FAMILY = "1,2";
				TEST_TARGET_NAME = FitoFit;
			};
			name = Release;
		};
/* End XCBuildConfiguration section */

/* Begin XCConfigurationList section */
		B5C55E4C2CD1E4B400AEBBB2 /* Build configuration list for PBXProject "FitoFit" */ = {
			isa = XCConfigurationList;
			buildConfigurations = (
				B5C55E732CD1E4B600AEBBB2 /* Debug */,
				B5C55E742CD1E4B600AEBBB2 /* Release */,
			);
			defaultConfigurationIsVisible = 0;
			defaultConfigurationName = Release;
		};
		B5C55E752CD1E4B600AEBBB2 /* Build configuration list for PBXNativeTarget "FitoFit" */ = {
			isa = XCConfigurationList;
			buildConfigurations = (
				B5C55E762CD1E4B600AEBBB2 /* Debug */,
				B5C55E772CD1E4B600AEBBB2 /* Release */,
			);
			defaultConfigurationIsVisible = 0;
			defaultConfigurationName = Release;
		};
		B5C55E782CD1E4B600AEBBB2 /* Build configuration list for PBXNativeTarget "FitoFitTests" */ = {
			isa = XCConfigurationList;
			buildConfigurations = (
				B5C55E792CD1E4B600AEBBB2 /* Debug */,
				B5C55E7A2CD1E4B600AEBBB2 /* Release */,
			);
			defaultConfigurationIsVisible = 0;
			defaultConfigurationName = Release;
		};
		B5C55E7B2CD1E4B600AEBBB2 /* Build configuration list for PBXNativeTarget "FitoFitUITests" */ = {
			isa = XCConfigurationList;
			buildConfigurations = (
				B5C55E7C2CD1E4B600AEBBB2 /* Debug */,
				B5C55E7D2CD1E4B600AEBBB2 /* Release */,
			);
			defaultConfigurationIsVisible = 0;
			defaultConfigurationName = Release;
		};
/* End XCConfigurationList section */
	};
	rootObject = B5C55E492CD1E4B400AEBBB2 /* Project object */;
}
